// !$*UTF8*$!
{
	archiveVersion = 1;
	classes = {
	};
	objectVersion = 46;
	objects = {

/* Begin PBXBuildFile section */
		BD2E86871E6B8195000C7EBA /* AppDelegate.swift in Sources */ = {isa = PBXBuildFile; fileRef = BD2E86861E6B8195000C7EBA /* AppDelegate.swift */; };
		BD2E86891E6B8195000C7EBA /* ViewController.swift in Sources */ = {isa = PBXBuildFile; fileRef = BD2E86881E6B8195000C7EBA /* ViewController.swift */; };
		BD2E868C1E6B8195000C7EBA /* Main.storyboard in Resources */ = {isa = PBXBuildFile; fileRef = BD2E868A1E6B8195000C7EBA /* Main.storyboard */; };
		BD2E868E1E6B8195000C7EBA /* Assets.xcassets in Resources */ = {isa = PBXBuildFile; fileRef = BD2E868D1E6B8195000C7EBA /* Assets.xcassets */; };
		BD2E86911E6B8195000C7EBA /* LaunchScreen.storyboard in Resources */ = {isa = PBXBuildFile; fileRef = BD2E868F1E6B8195000C7EBA /* LaunchScreen.storyboard */; };
/* End PBXBuildFile section */

/* Begin PBXFileReference section */
		BD2E86831E6B8195000C7EBA /* throwthisout.app */ = {isa = PBXFileReference; explicitFileType = wrapper.application; includeInIndex = 0; path = throwthisout.app; sourceTree = BUILT_PRODUCTS_DIR; };
		BD2E86861E6B8195000C7EBA /* AppDelegate.swift */ = {isa = PBXFileReference; lastKnownFileType = sourcecode.swift; path = AppDelegate.swift; sourceTree = "<group>"; };
		BD2E86881E6B8195000C7EBA /* ViewController.swift */ = {isa = PBXFileReference; lastKnownFileType = sourcecode.swift; path = ViewController.swift; sourceTree = "<group>"; };
		BD2E868B1E6B8195000C7EBA /* Base */ = {isa = PBXFileReference; lastKnownFileType = file.storyboard; name = Base; path = Base.lproj/Main.storyboard; sourceTree = "<group>"; };
		BD2E868D1E6B8195000C7EBA /* Assets.xcassets */ = {isa = PBXFileReference; lastKnownFileType = folder.assetcatalog; path = Assets.xcassets; sourceTree = "<group>"; };
		BD2E86901E6B8195000C7EBA /* Base */ = {isa = PBXFileReference; lastKnownFileType = file.storyboard; name = Base; path = Base.lproj/LaunchScreen.storyboard; sourceTree = "<group>"; };
		BD2E86921E6B8195000C7EBA /* Info.plist */ = {isa = PBXFileReference; lastKnownFileType = text.plist.xml; path = Info.plist; sourceTree = "<group>"; };
/* End PBXFileReference section */

/* Begin PBXFrameworksBuildPhase section */
		BD2E86801E6B8195000C7EBA /* Frameworks */ = {
			isa = PBXFrameworksBuildPhase;
			buildActionMask = 2147483647;
			files = (
			);
			runOnlyForDeploymentPostprocessing = 0;
		};
/* End PBXFrameworksBuildPhase section */

/* Begin PBXGroup section */
		BD2E867A1E6B8195000C7EBA = {
			isa = PBXGroup;
			children = (
				BD2E86851E6B8195000C7EBA /* throwthisout */,
				BD2E86841E6B8195000C7EBA /* Products */,
			);
			sourceTree = "<group>";
		};
		BD2E86841E6B8195000C7EBA /* Products */ = {
			isa = PBXGroup;
			children = (
				BD2E86831E6B8195000C7EBA /* throwthisout.app */,
			);
			name = Products;
			sourceTree = "<group>";
		};
		BD2E86851E6B8195000C7EBA /* throwthisout */ = {
			isa = PBXGroup;
			children = (
				BD2E86861E6B8195000C7EBA /* AppDelegate.swift */,
				BD2E86881E6B8195000C7EBA /* ViewController.swift */,
				BD2E868A1E6B8195000C7EBA /* Main.storyboard */,
				BD2E868D1E6B8195000C7EBA /* Assets.xcassets */,
				BD2E868F1E6B8195000C7EBA /* LaunchScreen.storyboard */,
				BD2E86921E6B8195000C7EBA /* Info.plist */,
			);
			path = throwthisout;
			sourceTree = "<group>";
		};
/* End PBXGroup section */

/* Begin PBXNativeTarget section */
		BD2E86821E6B8195000C7EBA /* throwthisout */ = {
			isa = PBXNativeTarget;
			buildConfigurationList = BD2E86951E6B8195000C7EBA /* Build configuration list for PBXNativeTarget "throwthisout" */;
			buildPhases = (
				BD2E867F1E6B8195000C7EBA /* Sources */,
				BD2E86801E6B8195000C7EBA /* Frameworks */,
				BD2E86811E6B8195000C7EBA /* Resources */,
			);
			buildRules = (
			);
			dependencies = (
			);
			name = throwthisout;
			productName = throwthisout;
			productReference = BD2E86831E6B8195000C7EBA /* throwthisout.app */;
			productType = "com.apple.product-type.application";
		};
/* End PBXNativeTarget section */

/* Begin PBXProject section */
		BD2E867B1E6B8195000C7EBA /* Project object */ = {
			isa = PBXProject;
			attributes = {
				LastSwiftUpdateCheck = 0820;
				LastUpgradeCheck = 0820;
				ORGANIZATIONNAME = MakeSchool;
				TargetAttributes = {
					BD2E86821E6B8195000C7EBA = {
						CreatedOnToolsVersion = 8.2.1;
						DevelopmentTeam = PU7KSX8Z6J;
						ProvisioningStyle = Automatic;
					};
				};
			};
			buildConfigurationList = BD2E867E1E6B8195000C7EBA /* Build configuration list for PBXProject "throwthisout" */;
			compatibilityVersion = "Xcode 3.2";
			developmentRegion = English;
			hasScannedForEncodings = 0;
			knownRegions = (
				en,
				Base,
			);
			mainGroup = BD2E867A1E6B8195000C7EBA;
			productRefGroup = BD2E86841E6B8195000C7EBA /* Products */;
			projectDirPath = "";
			projectRoot = "";
			targets = (
				BD2E86821E6B8195000C7EBA /* throwthisout */,
			);
		};
/* End PBXProject section */

/* Begin PBXResourcesBuildPhase section */
		BD2E86811E6B8195000C7EBA /* Resources */ = {
			isa = PBXResourcesBuildPhase;
			buildActionMask = 2147483647;
			files = (
				BD2E86911E6B8195000C7EBA /* LaunchScreen.storyboard in Resources */,
				BD2E868E1E6B8195000C7EBA /* Assets.xcassets in Resources */,
				BD2E868C1E6B8195000C7EBA /* Main.storyboard in Resources */,
			);
			runOnlyForDeploymentPostprocessing = 0;
		};
/* End PBXResourcesBuildPhase section */

/* Begin PBXSourcesBuildPhase section */
		BD2E867F1E6B8195000C7EBA /* Sources */ = {
			isa = PBXSourcesBuildPhase;
			buildActionMask = 2147483647;
			files = (
				BD2E86891E6B8195000C7EBA /* ViewController.swift in Sources */,
				BD2E86871E6B8195000C7EBA /* AppDelegate.swift in Sources */,
			);
			runOnlyForDeploymentPostprocessing = 0;
		};
/* End PBXSourcesBuildPhase section */

/* Begin PBXVariantGroup section */
		BD2E868A1E6B8195000C7EBA /* Main.storyboard */ = {
			isa = PBXVariantGroup;
			children = (
				BD2E868B1E6B8195000C7EBA /* Base */,
			);
			name = Main.storyboard;
			sourceTree = "<group>";
		};
		BD2E868F1E6B8195000C7EBA /* LaunchScreen.storyboard */ = {
			isa = PBXVariantGroup;
			children = (
				BD2E86901E6B8195000C7EBA /* Base */,
			);
			name = LaunchScreen.storyboard;
			sourceTree = "<group>";
		};
/* End PBXVariantGroup section */

/* Begin XCBuildConfiguration section */
		BD2E86931E6B8195000C7EBA /* Debug */ = {
			isa = XCBuildConfiguration;
			buildSettings = {
				ALWAYS_SEARCH_USER_PATHS = NO;
				CLANG_ANALYZER_NONNULL = YES;
				CLANG_CXX_LANGUAGE_STANDARD = "gnu++0x";
				CLANG_CXX_LIBRARY = "libc++";
				CLANG_ENABLE_MODULES = YES;
				CLANG_ENABLE_OBJC_ARC = YES;
				CLANG_WARN_BOOL_CONVERSION = YES;
				CLANG_WARN_CONSTANT_CONVERSION = YES;
				CLANG_WARN_DIRECT_OBJC_ISA_USAGE = YES_ERROR;
				CLANG_WARN_DOCUMENTATION_COMMENTS = YES;
				CLANG_WARN_EMPTY_BODY = YES;
				CLANG_WARN_ENUM_CONVERSION = YES;
				CLANG_WARN_INFINITE_RECURSION = YES;
				CLANG_WARN_INT_CONVERSION = YES;
				CLANG_WARN_OBJC_ROOT_CLASS = YES_ERROR;
				CLANG_WARN_SUSPICIOUS_MOVE = YES;
				CLANG_WARN_UNREACHABLE_CODE = YES;
				CLANG_WARN__DUPLICATE_METHOD_MATCH = YES;
				"CODE_SIGN_IDENTITY[sdk=iphoneos*]" = "iPhone Developer";
				COPY_PHASE_STRIP = NO;
				DEBUG_INFORMATION_FORMAT = dwarf;
				ENABLE_STRICT_OBJC_MSGSEND = YES;
				ENABLE_TESTABILITY = YES;
				GCC_C_LANGUAGE_STANDARD = gnu99;
				GCC_DYNAMIC_NO_PIC = NO;
				GCC_NO_COMMON_BLOCKS = YES;
				GCC_OPTIMIZATION_LEVEL = 0;
				GCC_PREPROCESSOR_DEFINITIONS = (
					"DEBUG=1",
					"$(inherited)",
				);
				GCC_WARN_64_TO_32_BIT_CONVERSION = YES;
				GCC_WARN_ABOUT_RETURN_TYPE = YES_ERROR;
				GCC_WARN_UNDECLARED_SELECTOR = YES;
				GCC_WARN_UNINITIALIZED_AUTOS = YES_AGGRESSIVE;
				GCC_WARN_UNUSED_FUNCTION = YES;
				GCC_WARN_UNUSED_VARIABLE = YES;
				IPHONEOS_DEPLOYMENT_TARGET = 10.2;
				MTL_ENABLE_DEBUG_INFO = YES;
				ONLY_ACTIVE_ARCH = YES;
				SDKROOT = iphoneos;
				SWIFT_ACTIVE_COMPILATION_CONDITIONS = DEBUG;
				SWIFT_OPTIMIZATION_LEVEL = "-Onone";
				TARGETED_DEVICE_FAMILY = "1,2";
			};
			name = Debug;
		};
		BD2E86941E6B8195000C7EBA /* Release */ = {
			isa = XCBuildConfiguration;
			buildSettings = {
				ALWAYS_SEARCH_USER_PATHS = NO;
				CLANG_ANALYZER_NONNULL = YES;
				CLANG_CXX_LANGUAGE_STANDARD = "gnu++0x";
				CLANG_CXX_LIBRARY = "libc++";
				CLANG_ENABLE_MODULES = YES;
				CLANG_ENABLE_OBJC_ARC = YES;
				CLANG_WARN_BOOL_CONVERSION = YES;
				CLANG_WARN_CONSTANT_CONVERSION = YES;
				CLANG_WARN_DIRECT_OBJC_ISA_USAGE = YES_ERROR;
				CLANG_WARN_DOCUMENTATION_COMMENTS = YES;
				CLANG_WARN_EMPTY_BODY = YES;
				CLANG_WARN_ENUM_CONVERSION = YES;
				CLANG_WARN_INFINITE_RECURSION = YES;
				CLANG_WARN_INT_CONVERSION = YES;
				CLANG_WARN_OBJC_ROOT_CLASS = YES_ERROR;
				CLANG_WARN_SUSPICIOUS_MOVE = YES;
				CLANG_WARN_UNREACHABLE_CODE = YES;
				CLANG_WARN__DUPLICATE_METHOD_MATCH = YES;
				"CODE_SIGN_IDENTITY[sdk=iphoneos*]" = "iPhone Developer";
				COPY_PHASE_STRIP = NO;
				DEBUG_INFORMATION_FORMAT = "dwarf-with-dsym";
				ENABLE_NS_ASSERTIONS = NO;
				ENABLE_STRICT_OBJC_MSGSEND = YES;
				GCC_C_LANGUAGE_STANDARD = gnu99;
				GCC_NO_COMMON_BLOCKS = YES;
				GCC_WARN_64_TO_32_BIT_CONVERSION = YES;
				GCC_WARN_ABOUT_RETURN_TYPE = YES_ERROR;
				GCC_WARN_UNDECLARED_SELECTOR = YES;
				GCC_WARN_UNINITIALIZED_AUTOS = YES_AGGRESSIVE;
				GCC_WARN_UNUSED_FUNCTION = YES;
				GCC_WARN_UNUSED_VARIABLE = YES;
				IPHONEOS_DEPLOYMENT_TARGET = 10.2;
				MTL_ENABLE_DEBUG_INFO = NO;
				SDKROOT = iphoneos;
				SWIFT_OPTIMIZATION_LEVEL = "-Owholemodule";
				TARGETED_DEVICE_FAMILY = "1,2";
				VALIDATE_PRODUCT = YES;
			};
			name = Release;
		};
		BD2E86961E6B8195000C7EBA /* Debug */ = {
			isa = XCBuildConfiguration;
			buildSettings = {
				ASSETCATALOG_COMPILER_APPICON_NAME = AppIcon;
				DEVELOPMENT_TEAM = PU7KSX8Z6J;
				INFOPLIST_FILE = throwthisout/Info.plist;
				LD_RUNPATH_SEARCH_PATHS = "$(inherited) @executable_path/Frameworks";
				PRODUCT_BUNDLE_IDENTIFIER = com.Makeschool.throwthisout;
				PRODUCT_NAME = "$(TARGET_NAME)";
				SWIFT_VERSION = 3.0;
			};
			name = Debug;
		};
		BD2E86971E6B8195000C7EBA /* Release */ = {
			isa = XCBuildConfiguration;
			buildSettings = {
				ASSETCATALOG_COMPILER_APPICON_NAME = AppIcon;
				DEVELOPMENT_TEAM = PU7KSX8Z6J;
				INFOPLIST_FILE = throwthisout/Info.plist;
				LD_RUNPATH_SEARCH_PATHS = "$(inherited) @executable_path/Frameworks";
				PRODUCT_BUNDLE_IDENTIFIER = com.Makeschool.throwthisout;
				PRODUCT_NAME = "$(TARGET_NAME)";
				SWIFT_VERSION = 3.0;
			};
			name = Release;
		};
/* End XCBuildConfiguration section */

/* Begin XCConfigurationList section */
		BD2E867E1E6B8195000C7EBA /* Build configuration list for PBXProject "throwthisout" */ = {
			isa = XCConfigurationList;
			buildConfigurations = (
				BD2E86931E6B8195000C7EBA /* Debug */,
				BD2E86941E6B8195000C7EBA /* Release */,
			);
			defaultConfigurationIsVisible = 0;
			defaultConfigurationName = Release;
		};
		BD2E86951E6B8195000C7EBA /* Build configuration list for PBXNativeTarget "throwthisout" */ = {
			isa = XCConfigurationList;
			buildConfigurations = (
				BD2E86961E6B8195000C7EBA /* Debug */,
				BD2E86971E6B8195000C7EBA /* Release */,
			);
			defaultConfigurationIsVisible = 0;
		};
/* End XCConfigurationList section */
	};
	rootObject = BD2E867B1E6B8195000C7EBA /* Project object */;
}
