// !$*UTF8*$!
{
	archiveVersion = 1;
	classes = {
	};
	objectVersion = 46;
	objects = {

/* Begin PBXBuildFile section */
		68A476FBA2336E62C2C4CB64 /* Pods_Locus.framework in Frameworks */ = {isa = PBXBuildFile; fileRef = 05D2EB2F588420E468AD49DE /* Pods_Locus.framework */; };
		BD1A7AF11E06081F001E290B /* AppDelegate.swift in Sources */ = {isa = PBXBuildFile; fileRef = BD1A7AF01E06081F001E290B /* AppDelegate.swift */; };
		BD1A7AF31E06081F001E290B /* MapViewController.swift in Sources */ = {isa = PBXBuildFile; fileRef = BD1A7AF21E06081F001E290B /* MapViewController.swift */; };
		BD1A7AF51E06081F001E290B /* SecondViewController.swift in Sources */ = {isa = PBXBuildFile; fileRef = BD1A7AF41E06081F001E290B /* SecondViewController.swift */; };
		BD1A7AF81E06081F001E290B /* Main.storyboard in Resources */ = {isa = PBXBuildFile; fileRef = BD1A7AF61E06081F001E290B /* Main.storyboard */; };
		BD1A7AFA1E06081F001E290B /* Assets.xcassets in Resources */ = {isa = PBXBuildFile; fileRef = BD1A7AF91E06081F001E290B /* Assets.xcassets */; };
		BD1A7AFD1E06081F001E290B /* LaunchScreen.storyboard in Resources */ = {isa = PBXBuildFile; fileRef = BD1A7AFB1E06081F001E290B /* LaunchScreen.storyboard */; };
		BD1A7B051E06084A001E290B /* User.swift in Sources */ = {isa = PBXBuildFile; fileRef = BD1A7B041E06084A001E290B /* User.swift */; };
		BD1A7B071E08D96E001E290B /* GoogleService-Info.plist in Resources */ = {isa = PBXBuildFile; fileRef = BD1A7B061E08D96E001E290B /* GoogleService-Info.plist */; };
		BD1A7B091E08DA26001E290B /* Pin.swift in Sources */ = {isa = PBXBuildFile; fileRef = BD1A7B081E08DA26001E290B /* Pin.swift */; };
		BD2DE4FC1E0F22070078AC9A /* map.storyboard in Resources */ = {isa = PBXBuildFile; fileRef = BD2DE4FA1E0F22070078AC9A /* map.storyboard */; };
		BD2DE4FE1E131E110078AC9A /* LocusMapView.swift in Sources */ = {isa = PBXBuildFile; fileRef = BD2DE4FD1E131E110078AC9A /* LocusMapView.swift */; };
		BD2DE5001E13268D0078AC9A /* LocationSearchController.swift in Sources */ = {isa = PBXBuildFile; fileRef = BD2DE4FF1E13268D0078AC9A /* LocationSearchController.swift */; };
		BD365DE71E1C2133005BD9BE /* BuildPinViewController.swift in Sources */ = {isa = PBXBuildFile; fileRef = BD365DE61E1C2133005BD9BE /* BuildPinViewController.swift */; };
		BD365DEC1E1FD514005BD9BE /* EditPin.storyboard in Resources */ = {isa = PBXBuildFile; fileRef = BD365DEB1E1FD514005BD9BE /* EditPin.storyboard */; };
		BD722D851E0DB63600AE378D /* LoginViewController.swift in Sources */ = {isa = PBXBuildFile; fileRef = BD722D841E0DB63600AE378D /* LoginViewController.swift */; };
/* End PBXBuildFile section */

/* Begin PBXFileReference section */
		05D2EB2F588420E468AD49DE /* Pods_Locus.framework */ = {isa = PBXFileReference; explicitFileType = wrapper.framework; includeInIndex = 0; path = Pods_Locus.framework; sourceTree = BUILT_PRODUCTS_DIR; };
		99A1AD6623EE156786DAFADA /* Pods-Locus.release.xcconfig */ = {isa = PBXFileReference; includeInIndex = 1; lastKnownFileType = text.xcconfig; name = "Pods-Locus.release.xcconfig"; path = "Pods/Target Support Files/Pods-Locus/Pods-Locus.release.xcconfig"; sourceTree = "<group>"; };
		A6B0DB943E15DD2938A54C97 /* Pods-Locus.debug.xcconfig */ = {isa = PBXFileReference; includeInIndex = 1; lastKnownFileType = text.xcconfig; name = "Pods-Locus.debug.xcconfig"; path = "Pods/Target Support Files/Pods-Locus/Pods-Locus.debug.xcconfig"; sourceTree = "<group>"; };
		BD1A7AED1E06081F001E290B /* Locus.app */ = {isa = PBXFileReference; explicitFileType = wrapper.application; includeInIndex = 0; path = Locus.app; sourceTree = BUILT_PRODUCTS_DIR; };
		BD1A7AF01E06081F001E290B /* AppDelegate.swift */ = {isa = PBXFileReference; lastKnownFileType = sourcecode.swift; path = AppDelegate.swift; sourceTree = "<group>"; };
		BD1A7AF21E06081F001E290B /* MapViewController.swift */ = {isa = PBXFileReference; lastKnownFileType = sourcecode.swift; path = MapViewController.swift; sourceTree = "<group>"; };
		BD1A7AF41E06081F001E290B /* SecondViewController.swift */ = {isa = PBXFileReference; lastKnownFileType = sourcecode.swift; path = SecondViewController.swift; sourceTree = "<group>"; };
		BD1A7AF71E06081F001E290B /* Base */ = {isa = PBXFileReference; lastKnownFileType = file.storyboard; name = Base; path = Base.lproj/Main.storyboard; sourceTree = "<group>"; };
		BD1A7AF91E06081F001E290B /* Assets.xcassets */ = {isa = PBXFileReference; lastKnownFileType = folder.assetcatalog; path = Assets.xcassets; sourceTree = "<group>"; };
		BD1A7AFC1E06081F001E290B /* Base */ = {isa = PBXFileReference; lastKnownFileType = file.storyboard; name = Base; path = Base.lproj/LaunchScreen.storyboard; sourceTree = "<group>"; };
		BD1A7AFE1E06081F001E290B /* Info.plist */ = {isa = PBXFileReference; lastKnownFileType = text.plist.xml; path = Info.plist; sourceTree = "<group>"; };
		BD1A7B041E06084A001E290B /* User.swift */ = {isa = PBXFileReference; fileEncoding = 4; lastKnownFileType = sourcecode.swift; path = User.swift; sourceTree = "<group>"; };
		BD1A7B061E08D96E001E290B /* GoogleService-Info.plist */ = {isa = PBXFileReference; fileEncoding = 4; lastKnownFileType = text.plist.xml; path = "GoogleService-Info.plist"; sourceTree = "<group>"; };
		BD1A7B081E08DA26001E290B /* Pin.swift */ = {isa = PBXFileReference; fileEncoding = 4; lastKnownFileType = sourcecode.swift; path = Pin.swift; sourceTree = "<group>"; };
		BD2DE4FB1E0F22070078AC9A /* Base */ = {isa = PBXFileReference; lastKnownFileType = file.storyboard; name = Base; path = Base.lproj/map.storyboard; sourceTree = "<group>"; };
		BD2DE4FD1E131E110078AC9A /* LocusMapView.swift */ = {isa = PBXFileReference; fileEncoding = 4; lastKnownFileType = sourcecode.swift; path = LocusMapView.swift; sourceTree = "<group>"; };
		BD2DE4FF1E13268D0078AC9A /* LocationSearchController.swift */ = {isa = PBXFileReference; fileEncoding = 4; lastKnownFileType = sourcecode.swift; path = LocationSearchController.swift; sourceTree = "<group>"; };
		BD365DE61E1C2133005BD9BE /* BuildPinViewController.swift */ = {isa = PBXFileReference; fileEncoding = 4; lastKnownFileType = sourcecode.swift; path = BuildPinViewController.swift; sourceTree = "<group>"; };
		BD365DEB1E1FD514005BD9BE /* EditPin.storyboard */ = {isa = PBXFileReference; fileEncoding = 4; lastKnownFileType = file.storyboard; path = EditPin.storyboard; sourceTree = "<group>"; };
		BD722D841E0DB63600AE378D /* LoginViewController.swift */ = {isa = PBXFileReference; fileEncoding = 4; lastKnownFileType = sourcecode.swift; path = LoginViewController.swift; sourceTree = "<group>"; };
/* End PBXFileReference section */

/* Begin PBXFrameworksBuildPhase section */
		BD1A7AEA1E06081F001E290B /* Frameworks */ = {
			isa = PBXFrameworksBuildPhase;
			buildActionMask = 2147483647;
			files = (
				68A476FBA2336E62C2C4CB64 /* Pods_Locus.framework in Frameworks */,
			);
			runOnlyForDeploymentPostprocessing = 0;
		};
/* End PBXFrameworksBuildPhase section */

/* Begin PBXGroup section */
		4C38F47C8B63C3C4FACB4B4C /* Pods */ = {
			isa = PBXGroup;
			children = (
				A6B0DB943E15DD2938A54C97 /* Pods-Locus.debug.xcconfig */,
				99A1AD6623EE156786DAFADA /* Pods-Locus.release.xcconfig */,
			);
			name = Pods;
			sourceTree = "<group>";
		};
		9DC32963DE97E019B0CDDA88 /* Frameworks */ = {
			isa = PBXGroup;
			children = (
				05D2EB2F588420E468AD49DE /* Pods_Locus.framework */,
			);
			name = Frameworks;
			sourceTree = "<group>";
		};
		BD1A7AE41E06081F001E290B = {
			isa = PBXGroup;
			children = (
				BD1A7AEF1E06081F001E290B /* Locus */,
				BD1A7AEE1E06081F001E290B /* Products */,
				4C38F47C8B63C3C4FACB4B4C /* Pods */,
				9DC32963DE97E019B0CDDA88 /* Frameworks */,
			);
			sourceTree = "<group>";
		};
		BD1A7AEE1E06081F001E290B /* Products */ = {
			isa = PBXGroup;
			children = (
				BD1A7AED1E06081F001E290B /* Locus.app */,
			);
			name = Products;
			sourceTree = "<group>";
		};
		BD1A7AEF1E06081F001E290B /* Locus */ = {
			isa = PBXGroup;
			children = (
				BD1A7AF01E06081F001E290B /* AppDelegate.swift */,
				BD1A7AF21E06081F001E290B /* MapViewController.swift */,
				BD2DE4FF1E13268D0078AC9A /* LocationSearchController.swift */,
				BD2DE4FD1E131E110078AC9A /* LocusMapView.swift */,
				BD1A7AF41E06081F001E290B /* SecondViewController.swift */,
				BD722D841E0DB63600AE378D /* LoginViewController.swift */,
				BD365DE61E1C2133005BD9BE /* BuildPinViewController.swift */,
				BD1A7B0A1E08DC25001E290B /* Model */,
				BD1A7AF61E06081F001E290B /* Main.storyboard */,
				BD2DE4FA1E0F22070078AC9A /* map.storyboard */,
				BD365DEB1E1FD514005BD9BE /* EditPin.storyboard */,
				BD1A7AF91E06081F001E290B /* Assets.xcassets */,
				BD1A7AFB1E06081F001E290B /* LaunchScreen.storyboard */,
				BD1A7AFE1E06081F001E290B /* Info.plist */,
				BD1A7B061E08D96E001E290B /* GoogleService-Info.plist */,
			);
			path = Locus;
			sourceTree = "<group>";
		};
		BD1A7B0A1E08DC25001E290B /* Model */ = {
			isa = PBXGroup;
			children = (
				BD1A7B041E06084A001E290B /* User.swift */,
				BD1A7B081E08DA26001E290B /* Pin.swift */,
			);
			name = Model;
			sourceTree = "<group>";
		};
/* End PBXGroup section */

/* Begin PBXNativeTarget section */
		BD1A7AEC1E06081F001E290B /* Locus */ = {
			isa = PBXNativeTarget;
			buildConfigurationList = BD1A7B011E06081F001E290B /* Build configuration list for PBXNativeTarget "Locus" */;
			buildPhases = (
				48EDC7A2E7F95615D3678443 /* [CP] Check Pods Manifest.lock */,
				BD1A7AE91E06081F001E290B /* Sources */,
				BD1A7AEA1E06081F001E290B /* Frameworks */,
				BD1A7AEB1E06081F001E290B /* Resources */,
				D3AC76AF0C2D1B6C55B98190 /* [CP] Embed Pods Frameworks */,
				82AA3814229E08576FD93B1C /* [CP] Copy Pods Resources */,
			);
			buildRules = (
			);
			dependencies = (
			);
			name = Locus;
			productName = Locus;
			productReference = BD1A7AED1E06081F001E290B /* Locus.app */;
			productType = "com.apple.product-type.application";
		};
/* End PBXNativeTarget section */

/* Begin PBXProject section */
		BD1A7AE51E06081F001E290B /* Project object */ = {
			isa = PBXProject;
			attributes = {
				LastSwiftUpdateCheck = 0800;
				LastUpgradeCheck = 0800;
				ORGANIZATIONNAME = MakeSchool;
				TargetAttributes = {
					BD1A7AEC1E06081F001E290B = {
						CreatedOnToolsVersion = 8.0;
						DevelopmentTeam = PU7KSX8Z6J;
						ProvisioningStyle = Automatic;
					};
				};
			};
			buildConfigurationList = BD1A7AE81E06081F001E290B /* Build configuration list for PBXProject "Locus" */;
			compatibilityVersion = "Xcode 3.2";
			developmentRegion = English;
			hasScannedForEncodings = 0;
			knownRegions = (
				en,
				Base,
			);
			mainGroup = BD1A7AE41E06081F001E290B;
			productRefGroup = BD1A7AEE1E06081F001E290B /* Products */;
			projectDirPath = "";
			projectRoot = "";
			targets = (
				BD1A7AEC1E06081F001E290B /* Locus */,
			);
		};
/* End PBXProject section */

/* Begin PBXResourcesBuildPhase section */
		BD1A7AEB1E06081F001E290B /* Resources */ = {
			isa = PBXResourcesBuildPhase;
			buildActionMask = 2147483647;
			files = (
				BD1A7AFD1E06081F001E290B /* LaunchScreen.storyboard in Resources */,
				BD1A7B071E08D96E001E290B /* GoogleService-Info.plist in Resources */,
				BD2DE4FC1E0F22070078AC9A /* map.storyboard in Resources */,
				BD1A7AFA1E06081F001E290B /* Assets.xcassets in Resources */,
				BD365DEC1E1FD514005BD9BE /* EditPin.storyboard in Resources */,
				BD1A7AF81E06081F001E290B /* Main.storyboard in Resources */,
			);
			runOnlyForDeploymentPostprocessing = 0;
		};
/* End PBXResourcesBuildPhase section */

/* Begin PBXShellScriptBuildPhase section */
		48EDC7A2E7F95615D3678443 /* [CP] Check Pods Manifest.lock */ = {
			isa = PBXShellScriptBuildPhase;
			buildActionMask = 2147483647;
			files = (
			);
			inputPaths = (
			);
			name = "[CP] Check Pods Manifest.lock";
			outputPaths = (
			);
			runOnlyForDeploymentPostprocessing = 0;
			shellPath = /bin/sh;
			shellScript = "diff \"${PODS_ROOT}/../Podfile.lock\" \"${PODS_ROOT}/Manifest.lock\" > /dev/null\nif [[ $? != 0 ]] ; then\n    cat << EOM\nerror: The sandbox is not in sync with the Podfile.lock. Run 'pod install' or update your CocoaPods installation.\nEOM\n    exit 1\nfi\n";
			showEnvVarsInLog = 0;
		};
		82AA3814229E08576FD93B1C /* [CP] Copy Pods Resources */ = {
			isa = PBXShellScriptBuildPhase;
			buildActionMask = 2147483647;
			files = (
			);
			inputPaths = (
			);
			name = "[CP] Copy Pods Resources";
			outputPaths = (
			);
			runOnlyForDeploymentPostprocessing = 0;
			shellPath = /bin/sh;
			shellScript = "\"${SRCROOT}/Pods/Target Support Files/Pods-Locus/Pods-Locus-resources.sh\"\n";
			showEnvVarsInLog = 0;
		};
		D3AC76AF0C2D1B6C55B98190 /* [CP] Embed Pods Frameworks */ = {
			isa = PBXShellScriptBuildPhase;
			buildActionMask = 2147483647;
			files = (
			);
			inputPaths = (
			);
			name = "[CP] Embed Pods Frameworks";
			outputPaths = (
			);
			runOnlyForDeploymentPostprocessing = 0;
			shellPath = /bin/sh;
			shellScript = "\"${SRCROOT}/Pods/Target Support Files/Pods-Locus/Pods-Locus-frameworks.sh\"\n";
			showEnvVarsInLog = 0;
		};
/* End PBXShellScriptBuildPhase section */

/* Begin PBXSourcesBuildPhase section */
		BD1A7AE91E06081F001E290B /* Sources */ = {
			isa = PBXSourcesBuildPhase;
			buildActionMask = 2147483647;
			files = (
				BD722D851E0DB63600AE378D /* LoginViewController.swift in Sources */,
				BD1A7B091E08DA26001E290B /* Pin.swift in Sources */,
				BD1A7B051E06084A001E290B /* User.swift in Sources */,
				BD365DE71E1C2133005BD9BE /* BuildPinViewController.swift in Sources */,
				BD2DE4FE1E131E110078AC9A /* LocusMapView.swift in Sources */,
				BD2DE5001E13268D0078AC9A /* LocationSearchController.swift in Sources */,
				BD1A7AF51E06081F001E290B /* SecondViewController.swift in Sources */,
				BD1A7AF11E06081F001E290B /* AppDelegate.swift in Sources */,
				BD1A7AF31E06081F001E290B /* MapViewController.swift in Sources */,
			);
			runOnlyForDeploymentPostprocessing = 0;
		};
/* End PBXSourcesBuildPhase section */

/* Begin PBXVariantGroup section */
		BD1A7AF61E06081F001E290B /* Main.storyboard */ = {
			isa = PBXVariantGroup;
			children = (
				BD1A7AF71E06081F001E290B /* Base */,
			);
			name = Main.storyboard;
			sourceTree = "<group>";
		};
		BD1A7AFB1E06081F001E290B /* LaunchScreen.storyboard */ = {
			isa = PBXVariantGroup;
			children = (
				BD1A7AFC1E06081F001E290B /* Base */,
			);
			name = LaunchScreen.storyboard;
			sourceTree = "<group>";
		};
		BD2DE4FA1E0F22070078AC9A /* map.storyboard */ = {
			isa = PBXVariantGroup;
			children = (
				BD2DE4FB1E0F22070078AC9A /* Base */,
			);
			name = map.storyboard;
			sourceTree = "<group>";
		};
/* End PBXVariantGroup section */

/* Begin XCBuildConfiguration section */
		BD1A7AFF1E06081F001E290B /* Debug */ = {
			isa = XCBuildConfiguration;
			buildSettings = {
				ALWAYS_SEARCH_USER_PATHS = NO;
				CLANG_ANALYZER_NONNULL = YES;
				CLANG_CXX_LANGUAGE_STANDARD = "gnu++0x";
				CLANG_CXX_LIBRARY = "libc++";
				CLANG_ENABLE_MODULES = YES;
				CLANG_ENABLE_OBJC_ARC = YES;
				CLANG_WARN_BOOL_CONVERSION = YES;
				CLANG_WARN_CONSTANT_CONVERSION = YES;
				CLANG_WARN_DIRECT_OBJC_ISA_USAGE = YES_ERROR;
				CLANG_WARN_DOCUMENTATION_COMMENTS = YES;
				CLANG_WARN_EMPTY_BODY = YES;
				CLANG_WARN_ENUM_CONVERSION = YES;
				CLANG_WARN_INFINITE_RECURSION = YES;
				CLANG_WARN_INT_CONVERSION = YES;
				CLANG_WARN_OBJC_ROOT_CLASS = YES_ERROR;
				CLANG_WARN_SUSPICIOUS_MOVES = YES;
				CLANG_WARN_UNREACHABLE_CODE = YES;
				CLANG_WARN__DUPLICATE_METHOD_MATCH = YES;
				"CODE_SIGN_IDENTITY[sdk=iphoneos*]" = "iPhone Developer";
				COPY_PHASE_STRIP = NO;
				DEBUG_INFORMATION_FORMAT = dwarf;
				ENABLE_STRICT_OBJC_MSGSEND = YES;
				ENABLE_TESTABILITY = YES;
				GCC_C_LANGUAGE_STANDARD = gnu99;
				GCC_DYNAMIC_NO_PIC = NO;
				GCC_NO_COMMON_BLOCKS = YES;
				GCC_OPTIMIZATION_LEVEL = 0;
				GCC_PREPROCESSOR_DEFINITIONS = (
					"DEBUG=1",
					"$(inherited)",
				);
				GCC_WARN_64_TO_32_BIT_CONVERSION = YES;
				GCC_WARN_ABOUT_RETURN_TYPE = YES_ERROR;
				GCC_WARN_UNDECLARED_SELECTOR = YES;
				GCC_WARN_UNINITIALIZED_AUTOS = YES_AGGRESSIVE;
				GCC_WARN_UNUSED_FUNCTION = YES;
				GCC_WARN_UNUSED_VARIABLE = YES;
				IPHONEOS_DEPLOYMENT_TARGET = 10.0;
				MTL_ENABLE_DEBUG_INFO = YES;
				ONLY_ACTIVE_ARCH = YES;
				SDKROOT = iphoneos;
				SWIFT_ACTIVE_COMPILATION_CONDITIONS = DEBUG;
				SWIFT_OPTIMIZATION_LEVEL = "-Onone";
			};
			name = Debug;
		};
		BD1A7B001E06081F001E290B /* Release */ = {
			isa = XCBuildConfiguration;
			buildSettings = {
				ALWAYS_SEARCH_USER_PATHS = NO;
				CLANG_ANALYZER_NONNULL = YES;
				CLANG_CXX_LANGUAGE_STANDARD = "gnu++0x";
				CLANG_CXX_LIBRARY = "libc++";
				CLANG_ENABLE_MODULES = YES;
				CLANG_ENABLE_OBJC_ARC = YES;
				CLANG_WARN_BOOL_CONVERSION = YES;
				CLANG_WARN_CONSTANT_CONVERSION = YES;
				CLANG_WARN_DIRECT_OBJC_ISA_USAGE = YES_ERROR;
				CLANG_WARN_DOCUMENTATION_COMMENTS = YES;
				CLANG_WARN_EMPTY_BODY = YES;
				CLANG_WARN_ENUM_CONVERSION = YES;
				CLANG_WARN_INFINITE_RECURSION = YES;
				CLANG_WARN_INT_CONVERSION = YES;
				CLANG_WARN_OBJC_ROOT_CLASS = YES_ERROR;
				CLANG_WARN_SUSPICIOUS_MOVES = YES;
				CLANG_WARN_UNREACHABLE_CODE = YES;
				CLANG_WARN__DUPLICATE_METHOD_MATCH = YES;
				"CODE_SIGN_IDENTITY[sdk=iphoneos*]" = "iPhone Developer";
				COPY_PHASE_STRIP = NO;
				DEBUG_INFORMATION_FORMAT = "dwarf-with-dsym";
				ENABLE_NS_ASSERTIONS = NO;
				ENABLE_STRICT_OBJC_MSGSEND = YES;
				GCC_C_LANGUAGE_STANDARD = gnu99;
				GCC_NO_COMMON_BLOCKS = YES;
				GCC_WARN_64_TO_32_BIT_CONVERSION = YES;
				GCC_WARN_ABOUT_RETURN_TYPE = YES_ERROR;
				GCC_WARN_UNDECLARED_SELECTOR = YES;
				GCC_WARN_UNINITIALIZED_AUTOS = YES_AGGRESSIVE;
				GCC_WARN_UNUSED_FUNCTION = YES;
				GCC_WARN_UNUSED_VARIABLE = YES;
				IPHONEOS_DEPLOYMENT_TARGET = 10.0;
				MTL_ENABLE_DEBUG_INFO = NO;
				SDKROOT = iphoneos;
				SWIFT_OPTIMIZATION_LEVEL = "-Owholemodule";
				VALIDATE_PRODUCT = YES;
			};
			name = Release;
		};
		BD1A7B021E06081F001E290B /* Debug */ = {
			isa = XCBuildConfiguration;
			baseConfigurationReference = A6B0DB943E15DD2938A54C97 /* Pods-Locus.debug.xcconfig */;
			buildSettings = {
				ASSETCATALOG_COMPILER_APPICON_NAME = AppIcon;
				DEVELOPMENT_TEAM = PU7KSX8Z6J;
				INFOPLIST_FILE = Locus/Info.plist;
				LD_RUNPATH_SEARCH_PATHS = "$(inherited) @executable_path/Frameworks";
				PRODUCT_BUNDLE_IDENTIFIER = com.Nabil.Locus;
				PRODUCT_NAME = "$(TARGET_NAME)";
				SWIFT_VERSION = 3.0;
			};
			name = Debug;
		};
		BD1A7B031E06081F001E290B /* Release */ = {
			isa = XCBuildConfiguration;
			baseConfigurationReference = 99A1AD6623EE156786DAFADA /* Pods-Locus.release.xcconfig */;
			buildSettings = {
				ASSETCATALOG_COMPILER_APPICON_NAME = AppIcon;
				DEVELOPMENT_TEAM = PU7KSX8Z6J;
				INFOPLIST_FILE = Locus/Info.plist;
				LD_RUNPATH_SEARCH_PATHS = "$(inherited) @executable_path/Frameworks";
				PRODUCT_BUNDLE_IDENTIFIER = com.Nabil.Locus;
				PRODUCT_NAME = "$(TARGET_NAME)";
				SWIFT_VERSION = 3.0;
			};
			name = Release;
		};
/* End XCBuildConfiguration section */

/* Begin XCConfigurationList section */
		BD1A7AE81E06081F001E290B /* Build configuration list for PBXProject "Locus" */ = {
			isa = XCConfigurationList;
			buildConfigurations = (
				BD1A7AFF1E06081F001E290B /* Debug */,
				BD1A7B001E06081F001E290B /* Release */,
			);
			defaultConfigurationIsVisible = 0;
			defaultConfigurationName = Release;
		};
		BD1A7B011E06081F001E290B /* Build configuration list for PBXNativeTarget "Locus" */ = {
			isa = XCConfigurationList;
			buildConfigurations = (
				BD1A7B021E06081F001E290B /* Debug */,
				BD1A7B031E06081F001E290B /* Release */,
			);
			defaultConfigurationIsVisible = 0;
			defaultConfigurationName = Release;
		};
/* End XCConfigurationList section */
	};
	rootObject = BD1A7AE51E06081F001E290B /* Project object */;
}
