// !$*UTF8*$!
{
	archiveVersion = 1;
	classes = {
	};
	objectVersion = 46;
	objects = {

/* Begin PBXBuildFile section */
		68A476FBA2336E62C2C4CB64 /* Pods_Locus.framework in Frameworks */ = {isa = PBXBuildFile; fileRef = 05D2EB2F588420E468AD49DE /* Pods_Locus.framework */; };
		BD1A7AF11E06081F001E290B /* AppDelegate.swift in Sources */ = {isa = PBXBuildFile; fileRef = BD1A7AF01E06081F001E290B /* AppDelegate.swift */; };
		BD1A7AF31E06081F001E290B /* MapViewController.swift in Sources */ = {isa = PBXBuildFile; fileRef = BD1A7AF21E06081F001E290B /* MapViewController.swift */; };
		BD1A7AF81E06081F001E290B /* Main.storyboard in Resources */ = {isa = PBXBuildFile; fileRef = BD1A7AF61E06081F001E290B /* Main.storyboard */; };
		BD1A7AFA1E06081F001E290B /* Assets.xcassets in Resources */ = {isa = PBXBuildFile; fileRef = BD1A7AF91E06081F001E290B /* Assets.xcassets */; };
		BD1A7AFD1E06081F001E290B /* LaunchScreen.storyboard in Resources */ = {isa = PBXBuildFile; fileRef = BD1A7AFB1E06081F001E290B /* LaunchScreen.storyboard */; };
		BD1A7B051E06084A001E290B /* User.swift in Sources */ = {isa = PBXBuildFile; fileRef = BD1A7B041E06084A001E290B /* User.swift */; };
		BD1A7B071E08D96E001E290B /* GoogleService-Info.plist in Resources */ = {isa = PBXBuildFile; fileRef = BD1A7B061E08D96E001E290B /* GoogleService-Info.plist */; };
		BD1A7B091E08DA26001E290B /* Pin.swift in Sources */ = {isa = PBXBuildFile; fileRef = BD1A7B081E08DA26001E290B /* Pin.swift */; };
		BD2D6D1C1E294CAC00F6F4BB /* DateView.swift in Sources */ = {isa = PBXBuildFile; fileRef = BD2D6D1B1E294CAC00F6F4BB /* DateView.swift */; };
		BD2DE4FC1E0F22070078AC9A /* Map.storyboard in Resources */ = {isa = PBXBuildFile; fileRef = BD2DE4FA1E0F22070078AC9A /* Map.storyboard */; };
		BD2DE4FE1E131E110078AC9A /* LocusMapView.swift in Sources */ = {isa = PBXBuildFile; fileRef = BD2DE4FD1E131E110078AC9A /* LocusMapView.swift */; };
		BD2DE5001E13268D0078AC9A /* LocationSearchController.swift in Sources */ = {isa = PBXBuildFile; fileRef = BD2DE4FF1E13268D0078AC9A /* LocationSearchController.swift */; };
		BD2E86631E6397E1000C7EBA /* Constants.swift in Sources */ = {isa = PBXBuildFile; fileRef = BD2E86621E6397E1000C7EBA /* Constants.swift */; };
		BD2E86651E63A01A000C7EBA /* FirebaseService.swift in Sources */ = {isa = PBXBuildFile; fileRef = BD2E86641E63A01A000C7EBA /* FirebaseService.swift */; };
		BD2E86671E63BE1F000C7EBA /* PinsOfFollowingController.swift in Sources */ = {isa = PBXBuildFile; fileRef = BD2E86661E63BE1F000C7EBA /* PinsOfFollowingController.swift */; };
		BD2E86691E63CA5D000C7EBA /* FollowersPinCell.swift in Sources */ = {isa = PBXBuildFile; fileRef = BD2E86681E63CA5D000C7EBA /* FollowersPinCell.swift */; };
		BD2E866B1E6607C0000C7EBA /* FollowingUserCell.swift in Sources */ = {isa = PBXBuildFile; fileRef = BD2E866A1E6607C0000C7EBA /* FollowingUserCell.swift */; };
		BD2E866E1E67E4AD000C7EBA /* Followers.storyboard in Resources */ = {isa = PBXBuildFile; fileRef = BD2E866C1E67E4AD000C7EBA /* Followers.storyboard */; };
		BD2E86701E67E4C9000C7EBA /* NewFollowers.storyboard in Resources */ = {isa = PBXBuildFile; fileRef = BD2E866F1E67E4C9000C7EBA /* NewFollowers.storyboard */; };
		BD2E86721E67E5D1000C7EBA /* MyPinsController.swift in Sources */ = {isa = PBXBuildFile; fileRef = BD2E86711E67E5D1000C7EBA /* MyPinsController.swift */; };
		BD2E86741E67E981000C7EBA /* OverlayButtonView.swift in Sources */ = {isa = PBXBuildFile; fileRef = BD2E86731E67E981000C7EBA /* OverlayButtonView.swift */; };
		BD2E86791E68A90D000C7EBA /* MyPinCell.swift in Sources */ = {isa = PBXBuildFile; fileRef = BD2E86781E68A90D000C7EBA /* MyPinCell.swift */; };
		BD2E86991E6D07CC000C7EBA /* PinDetailController.swift in Sources */ = {isa = PBXBuildFile; fileRef = BD2E86981E6D07CC000C7EBA /* PinDetailController.swift */; };
		BD2E869B1E6DE02E000C7EBA /* SignUpViewController.swift in Sources */ = {isa = PBXBuildFile; fileRef = BD2E869A1E6DE02E000C7EBA /* SignUpViewController.swift */; };
		BD2E869D1E6DF0D7000C7EBA /* FollowerPreviewCell.xib in Resources */ = {isa = PBXBuildFile; fileRef = BD2E869C1E6DF0D7000C7EBA /* FollowerPreviewCell.xib */; };
		BD2E869F1E6DF95C000C7EBA /* FollowerPreviewCell.swift in Sources */ = {isa = PBXBuildFile; fileRef = BD2E869E1E6DF95C000C7EBA /* FollowerPreviewCell.swift */; };
		BD30BFE01E2AC8610040B2E6 /* DateController.swift in Sources */ = {isa = PBXBuildFile; fileRef = BD30BFDF1E2AC8610040B2E6 /* DateController.swift */; };
		BD30BFE91E2B042E0040B2E6 /* AlbumCell.swift in Sources */ = {isa = PBXBuildFile; fileRef = BD30BFE71E2B042E0040B2E6 /* AlbumCell.swift */; };
		BD30BFEA1E2B042E0040B2E6 /* AlbumController.swift in Sources */ = {isa = PBXBuildFile; fileRef = BD30BFE81E2B042E0040B2E6 /* AlbumController.swift */; };
		BD30E1381E28015D007D82F7 /* LoginViewController-Alerts.swift in Sources */ = {isa = PBXBuildFile; fileRef = BD30E1371E28015D007D82F7 /* LoginViewController-Alerts.swift */; };
		BD30E13B1E280D4A007D82F7 /* Album.swift in Sources */ = {isa = PBXBuildFile; fileRef = BD30E13A1E280D4A007D82F7 /* Album.swift */; };
		BD30E13D1E282407007D82F7 /* Helper.swift in Sources */ = {isa = PBXBuildFile; fileRef = BD30E13C1E282407007D82F7 /* Helper.swift */; };
		BD30E13F1E282FB3007D82F7 /* LocusPointAnnotation.swift in Sources */ = {isa = PBXBuildFile; fileRef = BD30E13E1E282FB3007D82F7 /* LocusPointAnnotation.swift */; };
		BD365DE71E1C2133005BD9BE /* BuildPinViewController.swift in Sources */ = {isa = PBXBuildFile; fileRef = BD365DE61E1C2133005BD9BE /* BuildPinViewController.swift */; };
		BD365DEC1E1FD514005BD9BE /* EditPin.storyboard in Resources */ = {isa = PBXBuildFile; fileRef = BD365DEB1E1FD514005BD9BE /* EditPin.storyboard */; };
		BD4077E71E46BFCD00688418 /* IconCollectionController.swift in Sources */ = {isa = PBXBuildFile; fileRef = BD4077E61E46BFCD00688418 /* IconCollectionController.swift */; };
		BD4B01A01E595C4F00250551 /* NewFollowerViewController.swift in Sources */ = {isa = PBXBuildFile; fileRef = BD4B019F1E595C4F00250551 /* NewFollowerViewController.swift */; };
		BD4B01A21E595E6200250551 /* NewFollowTableViewCell.swift in Sources */ = {isa = PBXBuildFile; fileRef = BD4B01A11E595E6200250551 /* NewFollowTableViewCell.swift */; };
		BD6747101E73151B00591079 /* PhotoTakingHelper.swift in Sources */ = {isa = PBXBuildFile; fileRef = BD67470F1E73151B00591079 /* PhotoTakingHelper.swift */; };
		BD6747121E734D7800591079 /* baybridge.jpg in Resources */ = {isa = PBXBuildFile; fileRef = BD6747111E734D7800591079 /* baybridge.jpg */; };
		BD6747141E73554A00591079 /* IconCollectionCell.swift in Sources */ = {isa = PBXBuildFile; fileRef = BD6747131E73554A00591079 /* IconCollectionCell.swift */; };
		BD722D851E0DB63600AE378D /* LoginViewController.swift in Sources */ = {isa = PBXBuildFile; fileRef = BD722D841E0DB63600AE378D /* LoginViewController.swift */; };
		BD94ACDC1E50396100AFCB99 /* PhotoLibraryController.swift in Sources */ = {isa = PBXBuildFile; fileRef = BD94ACDB1E50396100AFCB99 /* PhotoLibraryController.swift */; };
		BD94ACDE1E50398E00AFCB99 /* SeeImageController.swift in Sources */ = {isa = PBXBuildFile; fileRef = BD94ACDD1E50398E00AFCB99 /* SeeImageController.swift */; };
		BD94ACE01E503B8200AFCB99 /* AssetCollectionCell.swift in Sources */ = {isa = PBXBuildFile; fileRef = BD94ACDF1E503B8200AFCB99 /* AssetCollectionCell.swift */; };
		BD94ACE31E503C2A00AFCB99 /* PhotoLibrary.storyboard in Resources */ = {isa = PBXBuildFile; fileRef = BD94ACE11E503C2A00AFCB99 /* PhotoLibrary.storyboard */; };
		BD94AD071E5552B600AFCB99 /* CustomCalloutView.swift in Sources */ = {isa = PBXBuildFile; fileRef = BD94AD061E5552B600AFCB99 /* CustomCalloutView.swift */; };
		BD94AD0B1E5663D600AFCB99 /* CustomCalloutView.xib in Resources */ = {isa = PBXBuildFile; fileRef = BD94AD0A1E5663D600AFCB99 /* CustomCalloutView.xib */; };
		BD94AD0D1E56898F00AFCB99 /* CustomAnnotationView.swift in Sources */ = {isa = PBXBuildFile; fileRef = BD94AD0C1E56898F00AFCB99 /* CustomAnnotationView.swift */; };
		BDA2B7FA1E5E9B4D00F1BC74 /* FollowingUsersController.swift in Sources */ = {isa = PBXBuildFile; fileRef = BDA2B7F91E5E9B4D00F1BC74 /* FollowingUsersController.swift */; };
		BDA2B7FC1E5EBCF700F1BC74 /* ListPinsController.swift in Sources */ = {isa = PBXBuildFile; fileRef = BDA2B7FB1E5EBCF700F1BC74 /* ListPinsController.swift */; };
/* End PBXBuildFile section */

/* Begin PBXFileReference section */
		05D2EB2F588420E468AD49DE /* Pods_Locus.framework */ = {isa = PBXFileReference; explicitFileType = wrapper.framework; includeInIndex = 0; path = Pods_Locus.framework; sourceTree = BUILT_PRODUCTS_DIR; };
		99A1AD6623EE156786DAFADA /* Pods-Locus.release.xcconfig */ = {isa = PBXFileReference; includeInIndex = 1; lastKnownFileType = text.xcconfig; name = "Pods-Locus.release.xcconfig"; path = "Pods/Target Support Files/Pods-Locus/Pods-Locus.release.xcconfig"; sourceTree = "<group>"; };
		A6B0DB943E15DD2938A54C97 /* Pods-Locus.debug.xcconfig */ = {isa = PBXFileReference; includeInIndex = 1; lastKnownFileType = text.xcconfig; name = "Pods-Locus.debug.xcconfig"; path = "Pods/Target Support Files/Pods-Locus/Pods-Locus.debug.xcconfig"; sourceTree = "<group>"; };
		BD1A7AED1E06081F001E290B /* Locus.app */ = {isa = PBXFileReference; explicitFileType = wrapper.application; includeInIndex = 0; path = Locus.app; sourceTree = BUILT_PRODUCTS_DIR; };
		BD1A7AF01E06081F001E290B /* AppDelegate.swift */ = {isa = PBXFileReference; lastKnownFileType = sourcecode.swift; path = AppDelegate.swift; sourceTree = "<group>"; };
		BD1A7AF21E06081F001E290B /* MapViewController.swift */ = {isa = PBXFileReference; lastKnownFileType = sourcecode.swift; path = MapViewController.swift; sourceTree = "<group>"; };
		BD1A7AF71E06081F001E290B /* Base */ = {isa = PBXFileReference; lastKnownFileType = file.storyboard; name = Base; path = Base.lproj/Main.storyboard; sourceTree = "<group>"; };
		BD1A7AF91E06081F001E290B /* Assets.xcassets */ = {isa = PBXFileReference; lastKnownFileType = folder.assetcatalog; path = Assets.xcassets; sourceTree = "<group>"; };
		BD1A7AFC1E06081F001E290B /* Base */ = {isa = PBXFileReference; lastKnownFileType = file.storyboard; name = Base; path = Base.lproj/LaunchScreen.storyboard; sourceTree = "<group>"; };
		BD1A7AFE1E06081F001E290B /* Info.plist */ = {isa = PBXFileReference; lastKnownFileType = text.plist.xml; path = Info.plist; sourceTree = "<group>"; };
		BD1A7B041E06084A001E290B /* User.swift */ = {isa = PBXFileReference; fileEncoding = 4; lastKnownFileType = sourcecode.swift; path = User.swift; sourceTree = "<group>"; };
		BD1A7B061E08D96E001E290B /* GoogleService-Info.plist */ = {isa = PBXFileReference; fileEncoding = 4; lastKnownFileType = text.plist.xml; path = "GoogleService-Info.plist"; sourceTree = "<group>"; };
		BD1A7B081E08DA26001E290B /* Pin.swift */ = {isa = PBXFileReference; fileEncoding = 4; lastKnownFileType = sourcecode.swift; path = Pin.swift; sourceTree = "<group>"; };
		BD2D6D1B1E294CAC00F6F4BB /* DateView.swift */ = {isa = PBXFileReference; fileEncoding = 4; lastKnownFileType = sourcecode.swift; name = DateView.swift; path = Locus/DateView.swift; sourceTree = "<group>"; };
		BD2DE4FB1E0F22070078AC9A /* Base */ = {isa = PBXFileReference; lastKnownFileType = file.storyboard; name = Base; path = Base.lproj/Map.storyboard; sourceTree = "<group>"; };
		BD2DE4FD1E131E110078AC9A /* LocusMapView.swift */ = {isa = PBXFileReference; fileEncoding = 4; lastKnownFileType = sourcecode.swift; name = LocusMapView.swift; path = Locus/LocusMapView.swift; sourceTree = "<group>"; };
		BD2DE4FF1E13268D0078AC9A /* LocationSearchController.swift */ = {isa = PBXFileReference; fileEncoding = 4; lastKnownFileType = sourcecode.swift; path = LocationSearchController.swift; sourceTree = "<group>"; };
		BD2E86621E6397E1000C7EBA /* Constants.swift */ = {isa = PBXFileReference; fileEncoding = 4; lastKnownFileType = sourcecode.swift; path = Constants.swift; sourceTree = "<group>"; };
		BD2E86641E63A01A000C7EBA /* FirebaseService.swift */ = {isa = PBXFileReference; fileEncoding = 4; lastKnownFileType = sourcecode.swift; path = FirebaseService.swift; sourceTree = "<group>"; };
		BD2E86661E63BE1F000C7EBA /* PinsOfFollowingController.swift */ = {isa = PBXFileReference; fileEncoding = 4; lastKnownFileType = sourcecode.swift; path = PinsOfFollowingController.swift; sourceTree = "<group>"; };
		BD2E86681E63CA5D000C7EBA /* FollowersPinCell.swift */ = {isa = PBXFileReference; fileEncoding = 4; lastKnownFileType = sourcecode.swift; path = FollowersPinCell.swift; sourceTree = "<group>"; };
		BD2E866A1E6607C0000C7EBA /* FollowingUserCell.swift */ = {isa = PBXFileReference; fileEncoding = 4; lastKnownFileType = sourcecode.swift; path = FollowingUserCell.swift; sourceTree = "<group>"; };
		BD2E866D1E67E4AD000C7EBA /* Base */ = {isa = PBXFileReference; lastKnownFileType = file.storyboard; name = Base; path = Base.lproj/Followers.storyboard; sourceTree = "<group>"; };
		BD2E866F1E67E4C9000C7EBA /* NewFollowers.storyboard */ = {isa = PBXFileReference; fileEncoding = 4; lastKnownFileType = file.storyboard; path = NewFollowers.storyboard; sourceTree = "<group>"; };
		BD2E86711E67E5D1000C7EBA /* MyPinsController.swift */ = {isa = PBXFileReference; fileEncoding = 4; lastKnownFileType = sourcecode.swift; path = MyPinsController.swift; sourceTree = "<group>"; };
		BD2E86731E67E981000C7EBA /* OverlayButtonView.swift */ = {isa = PBXFileReference; fileEncoding = 4; lastKnownFileType = sourcecode.swift; name = OverlayButtonView.swift; path = Locus/OverlayButtonView.swift; sourceTree = "<group>"; };
		BD2E86781E68A90D000C7EBA /* MyPinCell.swift */ = {isa = PBXFileReference; fileEncoding = 4; lastKnownFileType = sourcecode.swift; path = MyPinCell.swift; sourceTree = "<group>"; };
		BD2E86981E6D07CC000C7EBA /* PinDetailController.swift */ = {isa = PBXFileReference; fileEncoding = 4; lastKnownFileType = sourcecode.swift; path = PinDetailController.swift; sourceTree = "<group>"; };
		BD2E869A1E6DE02E000C7EBA /* SignUpViewController.swift */ = {isa = PBXFileReference; fileEncoding = 4; lastKnownFileType = sourcecode.swift; name = SignUpViewController.swift; path = Locus/SignUpViewController.swift; sourceTree = "<group>"; };
		BD2E869C1E6DF0D7000C7EBA /* FollowerPreviewCell.xib */ = {isa = PBXFileReference; fileEncoding = 4; lastKnownFileType = file.xib; path = FollowerPreviewCell.xib; sourceTree = "<group>"; };
		BD2E869E1E6DF95C000C7EBA /* FollowerPreviewCell.swift */ = {isa = PBXFileReference; fileEncoding = 4; lastKnownFileType = sourcecode.swift; path = FollowerPreviewCell.swift; sourceTree = "<group>"; };
		BD30BFDF1E2AC8610040B2E6 /* DateController.swift */ = {isa = PBXFileReference; fileEncoding = 4; lastKnownFileType = sourcecode.swift; name = DateController.swift; path = Locus/DateController.swift; sourceTree = "<group>"; };
		BD30BFE71E2B042E0040B2E6 /* AlbumCell.swift */ = {isa = PBXFileReference; fileEncoding = 4; lastKnownFileType = sourcecode.swift; name = AlbumCell.swift; path = Locus/AlbumCell.swift; sourceTree = "<group>"; };
		BD30BFE81E2B042E0040B2E6 /* AlbumController.swift */ = {isa = PBXFileReference; fileEncoding = 4; lastKnownFileType = sourcecode.swift; name = AlbumController.swift; path = Locus/AlbumController.swift; sourceTree = "<group>"; };
		BD30E1371E28015D007D82F7 /* LoginViewController-Alerts.swift */ = {isa = PBXFileReference; fileEncoding = 4; lastKnownFileType = sourcecode.swift; name = "LoginViewController-Alerts.swift"; path = "Locus/LoginViewController-Alerts.swift"; sourceTree = "<group>"; };
		BD30E13A1E280D4A007D82F7 /* Album.swift */ = {isa = PBXFileReference; fileEncoding = 4; lastKnownFileType = sourcecode.swift; path = Album.swift; sourceTree = "<group>"; };
		BD30E13C1E282407007D82F7 /* Helper.swift */ = {isa = PBXFileReference; fileEncoding = 4; lastKnownFileType = sourcecode.swift; path = Helper.swift; sourceTree = "<group>"; };
		BD30E13E1E282FB3007D82F7 /* LocusPointAnnotation.swift */ = {isa = PBXFileReference; fileEncoding = 4; lastKnownFileType = sourcecode.swift; name = LocusPointAnnotation.swift; path = Locus/LocusPointAnnotation.swift; sourceTree = "<group>"; };
		BD365DE61E1C2133005BD9BE /* BuildPinViewController.swift */ = {isa = PBXFileReference; fileEncoding = 4; lastKnownFileType = sourcecode.swift; path = BuildPinViewController.swift; sourceTree = "<group>"; };
		BD365DEB1E1FD514005BD9BE /* EditPin.storyboard */ = {isa = PBXFileReference; fileEncoding = 4; lastKnownFileType = file.storyboard; path = EditPin.storyboard; sourceTree = "<group>"; };
		BD4077E61E46BFCD00688418 /* IconCollectionController.swift */ = {isa = PBXFileReference; fileEncoding = 4; lastKnownFileType = sourcecode.swift; path = IconCollectionController.swift; sourceTree = "<group>"; };
		BD4B019F1E595C4F00250551 /* NewFollowerViewController.swift */ = {isa = PBXFileReference; fileEncoding = 4; lastKnownFileType = sourcecode.swift; path = NewFollowerViewController.swift; sourceTree = "<group>"; };
		BD4B01A11E595E6200250551 /* NewFollowTableViewCell.swift */ = {isa = PBXFileReference; fileEncoding = 4; lastKnownFileType = sourcecode.swift; path = NewFollowTableViewCell.swift; sourceTree = "<group>"; };
		BD67470F1E73151B00591079 /* PhotoTakingHelper.swift */ = {isa = PBXFileReference; fileEncoding = 4; lastKnownFileType = sourcecode.swift; name = PhotoTakingHelper.swift; path = ../../../../.Trash/PhotoTakingHelper.swift; sourceTree = "<group>"; };
		BD6747111E734D7800591079 /* baybridge.jpg */ = {isa = PBXFileReference; lastKnownFileType = image.jpeg; name = baybridge.jpg; path = ../../../../Desktop/baybridge.jpg; sourceTree = "<group>"; };
		BD6747131E73554A00591079 /* IconCollectionCell.swift */ = {isa = PBXFileReference; fileEncoding = 4; lastKnownFileType = sourcecode.swift; path = IconCollectionCell.swift; sourceTree = "<group>"; };
		BD722D841E0DB63600AE378D /* LoginViewController.swift */ = {isa = PBXFileReference; fileEncoding = 4; lastKnownFileType = sourcecode.swift; name = LoginViewController.swift; path = Locus/LoginViewController.swift; sourceTree = "<group>"; };
		BD94ACDB1E50396100AFCB99 /* PhotoLibraryController.swift */ = {isa = PBXFileReference; fileEncoding = 4; lastKnownFileType = sourcecode.swift; path = PhotoLibraryController.swift; sourceTree = "<group>"; };
		BD94ACDD1E50398E00AFCB99 /* SeeImageController.swift */ = {isa = PBXFileReference; fileEncoding = 4; lastKnownFileType = sourcecode.swift; path = SeeImageController.swift; sourceTree = "<group>"; };
		BD94ACDF1E503B8200AFCB99 /* AssetCollectionCell.swift */ = {isa = PBXFileReference; fileEncoding = 4; lastKnownFileType = sourcecode.swift; path = AssetCollectionCell.swift; sourceTree = "<group>"; };
		BD94ACE21E503C2A00AFCB99 /* Base */ = {isa = PBXFileReference; lastKnownFileType = file.storyboard; name = Base; path = Base.lproj/PhotoLibrary.storyboard; sourceTree = "<group>"; };
		BD94AD061E5552B600AFCB99 /* CustomCalloutView.swift */ = {isa = PBXFileReference; fileEncoding = 4; lastKnownFileType = sourcecode.swift; path = CustomCalloutView.swift; sourceTree = "<group>"; };
		BD94AD0A1E5663D600AFCB99 /* CustomCalloutView.xib */ = {isa = PBXFileReference; fileEncoding = 4; lastKnownFileType = file.xib; path = CustomCalloutView.xib; sourceTree = "<group>"; };
		BD94AD0C1E56898F00AFCB99 /* CustomAnnotationView.swift */ = {isa = PBXFileReference; fileEncoding = 4; lastKnownFileType = sourcecode.swift; path = CustomAnnotationView.swift; sourceTree = "<group>"; };
		BDA2B7F91E5E9B4D00F1BC74 /* FollowingUsersController.swift */ = {isa = PBXFileReference; fileEncoding = 4; lastKnownFileType = sourcecode.swift; path = FollowingUsersController.swift; sourceTree = "<group>"; };
		BDA2B7FB1E5EBCF700F1BC74 /* ListPinsController.swift */ = {isa = PBXFileReference; fileEncoding = 4; lastKnownFileType = sourcecode.swift; path = ListPinsController.swift; sourceTree = "<group>"; };
/* End PBXFileReference section */

/* Begin PBXFrameworksBuildPhase section */
		BD1A7AEA1E06081F001E290B /* Frameworks */ = {
			isa = PBXFrameworksBuildPhase;
			buildActionMask = 2147483647;
			files = (
				68A476FBA2336E62C2C4CB64 /* Pods_Locus.framework in Frameworks */,
			);
			runOnlyForDeploymentPostprocessing = 0;
		};
/* End PBXFrameworksBuildPhase section */

/* Begin PBXGroup section */
		4C38F47C8B63C3C4FACB4B4C /* Pods */ = {
			isa = PBXGroup;
			children = (
				A6B0DB943E15DD2938A54C97 /* Pods-Locus.debug.xcconfig */,
				99A1AD6623EE156786DAFADA /* Pods-Locus.release.xcconfig */,
			);
			name = Pods;
			sourceTree = "<group>";
		};
		9DC32963DE97E019B0CDDA88 /* Frameworks */ = {
			isa = PBXGroup;
			children = (
				05D2EB2F588420E468AD49DE /* Pods_Locus.framework */,
			);
			name = Frameworks;
			sourceTree = "<group>";
		};
		BD1A7AE41E06081F001E290B = {
			isa = PBXGroup;
			children = (
				BD2D6D1D1E294CB700F6F4BB /* Views */,
				BD30E1391E280C4C007D82F7 /* Login */,
				BD43AADF1E4EBCBD0000C39D /* ImageLibrary */,
				BD1A7AEF1E06081F001E290B /* Locus */,
				BD1A7AEE1E06081F001E290B /* Products */,
				4C38F47C8B63C3C4FACB4B4C /* Pods */,
				9DC32963DE97E019B0CDDA88 /* Frameworks */,
			);
			sourceTree = "<group>";
		};
		BD1A7AEE1E06081F001E290B /* Products */ = {
			isa = PBXGroup;
			children = (
				BD1A7AED1E06081F001E290B /* Locus.app */,
			);
			name = Products;
			sourceTree = "<group>";
		};
		BD1A7AEF1E06081F001E290B /* Locus */ = {
			isa = PBXGroup;
			children = (
				BD1A7AF01E06081F001E290B /* AppDelegate.swift */,
				BD1A7AF21E06081F001E290B /* MapViewController.swift */,
				BD2E86641E63A01A000C7EBA /* FirebaseService.swift */,
				BD2DE4FF1E13268D0078AC9A /* LocationSearchController.swift */,
				BD365DE61E1C2133005BD9BE /* BuildPinViewController.swift */,
				BD4077E61E46BFCD00688418 /* IconCollectionController.swift */,
				BD67470F1E73151B00591079 /* PhotoTakingHelper.swift */,
				BD1A7B0A1E08DC25001E290B /* Model */,
				BD2E86771E689188000C7EBA /* Followers */,
				BD2E86A21E6E01FE000C7EBA /* MyPins */,
				BD1A7AF61E06081F001E290B /* Main.storyboard */,
				BD2E866F1E67E4C9000C7EBA /* NewFollowers.storyboard */,
				BD2E866C1E67E4AD000C7EBA /* Followers.storyboard */,
				BD2DE4FA1E0F22070078AC9A /* Map.storyboard */,
				BD94ACE11E503C2A00AFCB99 /* PhotoLibrary.storyboard */,
				BD365DEB1E1FD514005BD9BE /* EditPin.storyboard */,
				BD94AD0A1E5663D600AFCB99 /* CustomCalloutView.xib */,
				BD1A7AF91E06081F001E290B /* Assets.xcassets */,
				BD1A7AFB1E06081F001E290B /* LaunchScreen.storyboard */,
				BD1A7AFE1E06081F001E290B /* Info.plist */,
				BD1A7B061E08D96E001E290B /* GoogleService-Info.plist */,
			);
			path = Locus;
			sourceTree = "<group>";
		};
		BD1A7B0A1E08DC25001E290B /* Model */ = {
			isa = PBXGroup;
			children = (
				BD1A7B041E06084A001E290B /* User.swift */,
				BDA2B7FB1E5EBCF700F1BC74 /* ListPinsController.swift */,
				BD30E13C1E282407007D82F7 /* Helper.swift */,
				BD1A7B081E08DA26001E290B /* Pin.swift */,
				BD30E13A1E280D4A007D82F7 /* Album.swift */,
				BD2E86621E6397E1000C7EBA /* Constants.swift */,
			);
			name = Model;
			sourceTree = "<group>";
		};
		BD2D6D1D1E294CB700F6F4BB /* Views */ = {
			isa = PBXGroup;
			children = (
				BD2D6D1B1E294CAC00F6F4BB /* DateView.swift */,
				BD6747131E73554A00591079 /* IconCollectionCell.swift */,
				BD30BFDF1E2AC8610040B2E6 /* DateController.swift */,
				BD30BFE71E2B042E0040B2E6 /* AlbumCell.swift */,
				BD30BFE81E2B042E0040B2E6 /* AlbumController.swift */,
				BD2DE4FD1E131E110078AC9A /* LocusMapView.swift */,
				BD30E13E1E282FB3007D82F7 /* LocusPointAnnotation.swift */,
				BD94AD061E5552B600AFCB99 /* CustomCalloutView.swift */,
				BD94AD0C1E56898F00AFCB99 /* CustomAnnotationView.swift */,
				BD2E86731E67E981000C7EBA /* OverlayButtonView.swift */,
			);
			name = Views;
			sourceTree = "<group>";
		};
		BD2E86771E689188000C7EBA /* Followers */ = {
			isa = PBXGroup;
			children = (
				BD2E869C1E6DF0D7000C7EBA /* FollowerPreviewCell.xib */,
				BDA2B7F91E5E9B4D00F1BC74 /* FollowingUsersController.swift */,
				BD2E869E1E6DF95C000C7EBA /* FollowerPreviewCell.swift */,
				BD2E86A11E6E0173000C7EBA /* NewFollowers */,
				BD2E86A01E6E0154000C7EBA /* FollowerPins */,
			);
			name = Followers;
			sourceTree = "<group>";
		};
		BD2E86A01E6E0154000C7EBA /* FollowerPins */ = {
			isa = PBXGroup;
			children = (
				BD2E86661E63BE1F000C7EBA /* PinsOfFollowingController.swift */,
				BD2E86681E63CA5D000C7EBA /* FollowersPinCell.swift */,
			);
			name = FollowerPins;
			sourceTree = "<group>";
		};
		BD2E86A11E6E0173000C7EBA /* NewFollowers */ = {
			isa = PBXGroup;
			children = (
				BD4B01A11E595E6200250551 /* NewFollowTableViewCell.swift */,
				BD4B019F1E595C4F00250551 /* NewFollowerViewController.swift */,
			);
			name = NewFollowers;
			sourceTree = "<group>";
		};
		BD2E86A21E6E01FE000C7EBA /* MyPins */ = {
			isa = PBXGroup;
			children = (
				BD6747111E734D7800591079 /* baybridge.jpg */,
				BD2E86981E6D07CC000C7EBA /* PinDetailController.swift */,
				BD2E86711E67E5D1000C7EBA /* MyPinsController.swift */,
				BD2E86781E68A90D000C7EBA /* MyPinCell.swift */,
			);
			name = MyPins;
			sourceTree = "<group>";
		};
		BD30E1391E280C4C007D82F7 /* Login */ = {
			isa = PBXGroup;
			children = (
				BD722D841E0DB63600AE378D /* LoginViewController.swift */,
				BD30E1371E28015D007D82F7 /* LoginViewController-Alerts.swift */,
				BD2E869A1E6DE02E000C7EBA /* SignUpViewController.swift */,
			);
			name = Login;
			sourceTree = "<group>";
		};
		BD43AADF1E4EBCBD0000C39D /* ImageLibrary */ = {
			isa = PBXGroup;
			children = (
				BD94ACDB1E50396100AFCB99 /* PhotoLibraryController.swift */,
				BD2E866A1E6607C0000C7EBA /* FollowingUserCell.swift */,
				BD94ACDD1E50398E00AFCB99 /* SeeImageController.swift */,
				BD94ACDF1E503B8200AFCB99 /* AssetCollectionCell.swift */,
			);
			name = ImageLibrary;
			path = Locus;
			sourceTree = "<group>";
		};
/* End PBXGroup section */

/* Begin PBXNativeTarget section */
		BD1A7AEC1E06081F001E290B /* Locus */ = {
			isa = PBXNativeTarget;
			buildConfigurationList = BD1A7B011E06081F001E290B /* Build configuration list for PBXNativeTarget "Locus" */;
			buildPhases = (
				48EDC7A2E7F95615D3678443 /* [CP] Check Pods Manifest.lock */,
				BD1A7AE91E06081F001E290B /* Sources */,
				BD1A7AEA1E06081F001E290B /* Frameworks */,
				BD1A7AEB1E06081F001E290B /* Resources */,
				D3AC76AF0C2D1B6C55B98190 /* [CP] Embed Pods Frameworks */,
				82AA3814229E08576FD93B1C /* [CP] Copy Pods Resources */,
			);
			buildRules = (
			);
			dependencies = (
			);
			name = Locus;
			productName = Locus;
			productReference = BD1A7AED1E06081F001E290B /* Locus.app */;
			productType = "com.apple.product-type.application";
		};
/* End PBXNativeTarget section */

/* Begin PBXProject section */
		BD1A7AE51E06081F001E290B /* Project object */ = {
			isa = PBXProject;
			attributes = {
				LastSwiftUpdateCheck = 0800;
				LastUpgradeCheck = 0800;
				ORGANIZATIONNAME = MakeSchool;
				TargetAttributes = {
					BD1A7AEC1E06081F001E290B = {
						CreatedOnToolsVersion = 8.0;
						DevelopmentTeam = PU7KSX8Z6J;
						ProvisioningStyle = Automatic;
					};
				};
			};
			buildConfigurationList = BD1A7AE81E06081F001E290B /* Build configuration list for PBXProject "Locus" */;
			compatibilityVersion = "Xcode 3.2";
			developmentRegion = English;
			hasScannedForEncodings = 0;
			knownRegions = (
				en,
				Base,
			);
			mainGroup = BD1A7AE41E06081F001E290B;
			productRefGroup = BD1A7AEE1E06081F001E290B /* Products */;
			projectDirPath = "";
			projectRoot = "";
			targets = (
				BD1A7AEC1E06081F001E290B /* Locus */,
			);
		};
/* End PBXProject section */

/* Begin PBXResourcesBuildPhase section */
		BD1A7AEB1E06081F001E290B /* Resources */ = {
			isa = PBXResourcesBuildPhase;
			buildActionMask = 2147483647;
			files = (
				BD2E869D1E6DF0D7000C7EBA /* FollowerPreviewCell.xib in Resources */,
				BD6747121E734D7800591079 /* baybridge.jpg in Resources */,
				BD1A7AFD1E06081F001E290B /* LaunchScreen.storyboard in Resources */,
				BD1A7B071E08D96E001E290B /* GoogleService-Info.plist in Resources */,
				BD2DE4FC1E0F22070078AC9A /* Map.storyboard in Resources */,
				BD2E86701E67E4C9000C7EBA /* NewFollowers.storyboard in Resources */,
				BD1A7AFA1E06081F001E290B /* Assets.xcassets in Resources */,
				BD94AD0B1E5663D600AFCB99 /* CustomCalloutView.xib in Resources */,
				BD94ACE31E503C2A00AFCB99 /* PhotoLibrary.storyboard in Resources */,
				BD365DEC1E1FD514005BD9BE /* EditPin.storyboard in Resources */,
				BD2E866E1E67E4AD000C7EBA /* Followers.storyboard in Resources */,
				BD1A7AF81E06081F001E290B /* Main.storyboard in Resources */,
			);
			runOnlyForDeploymentPostprocessing = 0;
		};
/* End PBXResourcesBuildPhase section */

/* Begin PBXShellScriptBuildPhase section */
		48EDC7A2E7F95615D3678443 /* [CP] Check Pods Manifest.lock */ = {
			isa = PBXShellScriptBuildPhase;
			buildActionMask = 2147483647;
			files = (
			);
			inputPaths = (
			);
			name = "[CP] Check Pods Manifest.lock";
			outputPaths = (
			);
			runOnlyForDeploymentPostprocessing = 0;
			shellPath = /bin/sh;
			shellScript = "diff \"${PODS_ROOT}/../Podfile.lock\" \"${PODS_ROOT}/Manifest.lock\" > /dev/null\nif [[ $? != 0 ]] ; then\n    cat << EOM\nerror: The sandbox is not in sync with the Podfile.lock. Run 'pod install' or update your CocoaPods installation.\nEOM\n    exit 1\nfi\n";
			showEnvVarsInLog = 0;
		};
		82AA3814229E08576FD93B1C /* [CP] Copy Pods Resources */ = {
			isa = PBXShellScriptBuildPhase;
			buildActionMask = 2147483647;
			files = (
			);
			inputPaths = (
			);
			name = "[CP] Copy Pods Resources";
			outputPaths = (
			);
			runOnlyForDeploymentPostprocessing = 0;
			shellPath = /bin/sh;
			shellScript = "\"${SRCROOT}/Pods/Target Support Files/Pods-Locus/Pods-Locus-resources.sh\"\n";
			showEnvVarsInLog = 0;
		};
		D3AC76AF0C2D1B6C55B98190 /* [CP] Embed Pods Frameworks */ = {
			isa = PBXShellScriptBuildPhase;
			buildActionMask = 2147483647;
			files = (
			);
			inputPaths = (
			);
			name = "[CP] Embed Pods Frameworks";
			outputPaths = (
			);
			runOnlyForDeploymentPostprocessing = 0;
			shellPath = /bin/sh;
			shellScript = "\"${SRCROOT}/Pods/Target Support Files/Pods-Locus/Pods-Locus-frameworks.sh\"\n";
			showEnvVarsInLog = 0;
		};
/* End PBXShellScriptBuildPhase section */

/* Begin PBXSourcesBuildPhase section */
		BD1A7AE91E06081F001E290B /* Sources */ = {
			isa = PBXSourcesBuildPhase;
			buildActionMask = 2147483647;
			files = (
				BD2E86691E63CA5D000C7EBA /* FollowersPinCell.swift in Sources */,
				BD6747141E73554A00591079 /* IconCollectionCell.swift in Sources */,
				BD722D851E0DB63600AE378D /* LoginViewController.swift in Sources */,
				BD2E866B1E6607C0000C7EBA /* FollowingUserCell.swift in Sources */,
				BD6747101E73151B00591079 /* PhotoTakingHelper.swift in Sources */,
				BD1A7B091E08DA26001E290B /* Pin.swift in Sources */,
				BD2E869F1E6DF95C000C7EBA /* FollowerPreviewCell.swift in Sources */,
				BD2D6D1C1E294CAC00F6F4BB /* DateView.swift in Sources */,
				BD94ACDE1E50398E00AFCB99 /* SeeImageController.swift in Sources */,
				BD1A7B051E06084A001E290B /* User.swift in Sources */,
				BD94AD0D1E56898F00AFCB99 /* CustomAnnotationView.swift in Sources */,
				BD365DE71E1C2133005BD9BE /* BuildPinViewController.swift in Sources */,
				BD4B01A21E595E6200250551 /* NewFollowTableViewCell.swift in Sources */,
				BD2E86991E6D07CC000C7EBA /* PinDetailController.swift in Sources */,
				BD2DE4FE1E131E110078AC9A /* LocusMapView.swift in Sources */,
				BDA2B7FA1E5E9B4D00F1BC74 /* FollowingUsersController.swift in Sources */,
				BD2DE5001E13268D0078AC9A /* LocationSearchController.swift in Sources */,
				BD2E86631E6397E1000C7EBA /* Constants.swift in Sources */,
				BD94AD071E5552B600AFCB99 /* CustomCalloutView.swift in Sources */,
				BD94ACE01E503B8200AFCB99 /* AssetCollectionCell.swift in Sources */,
				BD2E86651E63A01A000C7EBA /* FirebaseService.swift in Sources */,
				BD30E1381E28015D007D82F7 /* LoginViewController-Alerts.swift in Sources */,
				BD30E13F1E282FB3007D82F7 /* LocusPointAnnotation.swift in Sources */,
				BD30E13B1E280D4A007D82F7 /* Album.swift in Sources */,
				BD1A7AF11E06081F001E290B /* AppDelegate.swift in Sources */,
				BD4B01A01E595C4F00250551 /* NewFollowerViewController.swift in Sources */,
				BD2E86741E67E981000C7EBA /* OverlayButtonView.swift in Sources */,
				BD4077E71E46BFCD00688418 /* IconCollectionController.swift in Sources */,
				BD2E86721E67E5D1000C7EBA /* MyPinsController.swift in Sources */,
				BD2E86671E63BE1F000C7EBA /* PinsOfFollowingController.swift in Sources */,
				BD1A7AF31E06081F001E290B /* MapViewController.swift in Sources */,
				BD30BFE01E2AC8610040B2E6 /* DateController.swift in Sources */,
				BDA2B7FC1E5EBCF700F1BC74 /* ListPinsController.swift in Sources */,
				BD30E13D1E282407007D82F7 /* Helper.swift in Sources */,
				BD30BFE91E2B042E0040B2E6 /* AlbumCell.swift in Sources */,
				BD2E86791E68A90D000C7EBA /* MyPinCell.swift in Sources */,
				BD30BFEA1E2B042E0040B2E6 /* AlbumController.swift in Sources */,
				BD94ACDC1E50396100AFCB99 /* PhotoLibraryController.swift in Sources */,
				BD2E869B1E6DE02E000C7EBA /* SignUpViewController.swift in Sources */,
			);
			runOnlyForDeploymentPostprocessing = 0;
		};
/* End PBXSourcesBuildPhase section */

/* Begin PBXVariantGroup section */
		BD1A7AF61E06081F001E290B /* Main.storyboard */ = {
			isa = PBXVariantGroup;
			children = (
				BD1A7AF71E06081F001E290B /* Base */,
			);
			name = Main.storyboard;
			sourceTree = "<group>";
		};
		BD1A7AFB1E06081F001E290B /* LaunchScreen.storyboard */ = {
			isa = PBXVariantGroup;
			children = (
				BD1A7AFC1E06081F001E290B /* Base */,
			);
			name = LaunchScreen.storyboard;
			sourceTree = "<group>";
		};
		BD2DE4FA1E0F22070078AC9A /* Map.storyboard */ = {
			isa = PBXVariantGroup;
			children = (
				BD2DE4FB1E0F22070078AC9A /* Base */,
			);
			name = Map.storyboard;
			sourceTree = "<group>";
		};
		BD2E866C1E67E4AD000C7EBA /* Followers.storyboard */ = {
			isa = PBXVariantGroup;
			children = (
				BD2E866D1E67E4AD000C7EBA /* Base */,
			);
			name = Followers.storyboard;
			sourceTree = "<group>";
		};
		BD94ACE11E503C2A00AFCB99 /* PhotoLibrary.storyboard */ = {
			isa = PBXVariantGroup;
			children = (
				BD94ACE21E503C2A00AFCB99 /* Base */,
			);
			name = PhotoLibrary.storyboard;
			sourceTree = "<group>";
		};
/* End PBXVariantGroup section */

/* Begin XCBuildConfiguration section */
		BD1A7AFF1E06081F001E290B /* Debug */ = {
			isa = XCBuildConfiguration;
			buildSettings = {
				ALWAYS_SEARCH_USER_PATHS = NO;
				CLANG_ANALYZER_NONNULL = YES;
				CLANG_CXX_LANGUAGE_STANDARD = "gnu++0x";
				CLANG_CXX_LIBRARY = "libc++";
				CLANG_ENABLE_MODULES = YES;
				CLANG_ENABLE_OBJC_ARC = YES;
				CLANG_WARN_BOOL_CONVERSION = YES;
				CLANG_WARN_CONSTANT_CONVERSION = YES;
				CLANG_WARN_DIRECT_OBJC_ISA_USAGE = YES_ERROR;
				CLANG_WARN_DOCUMENTATION_COMMENTS = YES;
				CLANG_WARN_EMPTY_BODY = YES;
				CLANG_WARN_ENUM_CONVERSION = YES;
				CLANG_WARN_INFINITE_RECURSION = YES;
				CLANG_WARN_INT_CONVERSION = YES;
				CLANG_WARN_OBJC_ROOT_CLASS = YES_ERROR;
				CLANG_WARN_SUSPICIOUS_MOVES = YES;
				CLANG_WARN_UNREACHABLE_CODE = YES;
				CLANG_WARN__DUPLICATE_METHOD_MATCH = YES;
				"CODE_SIGN_IDENTITY[sdk=iphoneos*]" = "iPhone Developer";
				COPY_PHASE_STRIP = NO;
				DEBUG_INFORMATION_FORMAT = dwarf;
				ENABLE_STRICT_OBJC_MSGSEND = YES;
				ENABLE_TESTABILITY = YES;
				GCC_C_LANGUAGE_STANDARD = gnu99;
				GCC_DYNAMIC_NO_PIC = NO;
				GCC_NO_COMMON_BLOCKS = YES;
				GCC_OPTIMIZATION_LEVEL = 0;
				GCC_PREPROCESSOR_DEFINITIONS = (
					"DEBUG=1",
					"$(inherited)",
				);
				GCC_WARN_64_TO_32_BIT_CONVERSION = YES;
				GCC_WARN_ABOUT_RETURN_TYPE = YES_ERROR;
				GCC_WARN_UNDECLARED_SELECTOR = YES;
				GCC_WARN_UNINITIALIZED_AUTOS = YES_AGGRESSIVE;
				GCC_WARN_UNUSED_FUNCTION = YES;
				GCC_WARN_UNUSED_VARIABLE = YES;
				IPHONEOS_DEPLOYMENT_TARGET = 10.0;
				MTL_ENABLE_DEBUG_INFO = YES;
				ONLY_ACTIVE_ARCH = YES;
				SDKROOT = iphoneos;
				SWIFT_ACTIVE_COMPILATION_CONDITIONS = DEBUG;
				SWIFT_OPTIMIZATION_LEVEL = "-Onone";
			};
			name = Debug;
		};
		BD1A7B001E06081F001E290B /* Release */ = {
			isa = XCBuildConfiguration;
			buildSettings = {
				ALWAYS_SEARCH_USER_PATHS = NO;
				CLANG_ANALYZER_NONNULL = YES;
				CLANG_CXX_LANGUAGE_STANDARD = "gnu++0x";
				CLANG_CXX_LIBRARY = "libc++";
				CLANG_ENABLE_MODULES = YES;
				CLANG_ENABLE_OBJC_ARC = YES;
				CLANG_WARN_BOOL_CONVERSION = YES;
				CLANG_WARN_CONSTANT_CONVERSION = YES;
				CLANG_WARN_DIRECT_OBJC_ISA_USAGE = YES_ERROR;
				CLANG_WARN_DOCUMENTATION_COMMENTS = YES;
				CLANG_WARN_EMPTY_BODY = YES;
				CLANG_WARN_ENUM_CONVERSION = YES;
				CLANG_WARN_INFINITE_RECURSION = YES;
				CLANG_WARN_INT_CONVERSION = YES;
				CLANG_WARN_OBJC_ROOT_CLASS = YES_ERROR;
				CLANG_WARN_SUSPICIOUS_MOVES = YES;
				CLANG_WARN_UNREACHABLE_CODE = YES;
				CLANG_WARN__DUPLICATE_METHOD_MATCH = YES;
				"CODE_SIGN_IDENTITY[sdk=iphoneos*]" = "iPhone Developer";
				COPY_PHASE_STRIP = NO;
				DEBUG_INFORMATION_FORMAT = "dwarf-with-dsym";
				ENABLE_NS_ASSERTIONS = NO;
				ENABLE_STRICT_OBJC_MSGSEND = YES;
				GCC_C_LANGUAGE_STANDARD = gnu99;
				GCC_NO_COMMON_BLOCKS = YES;
				GCC_WARN_64_TO_32_BIT_CONVERSION = YES;
				GCC_WARN_ABOUT_RETURN_TYPE = YES_ERROR;
				GCC_WARN_UNDECLARED_SELECTOR = YES;
				GCC_WARN_UNINITIALIZED_AUTOS = YES_AGGRESSIVE;
				GCC_WARN_UNUSED_FUNCTION = YES;
				GCC_WARN_UNUSED_VARIABLE = YES;
				IPHONEOS_DEPLOYMENT_TARGET = 10.0;
				MTL_ENABLE_DEBUG_INFO = NO;
				SDKROOT = iphoneos;
				SWIFT_OPTIMIZATION_LEVEL = "-Owholemodule";
				VALIDATE_PRODUCT = YES;
			};
			name = Release;
		};
		BD1A7B021E06081F001E290B /* Debug */ = {
			isa = XCBuildConfiguration;
			baseConfigurationReference = A6B0DB943E15DD2938A54C97 /* Pods-Locus.debug.xcconfig */;
			buildSettings = {
				ASSETCATALOG_COMPILER_APPICON_NAME = AppIcon;
				DEVELOPMENT_TEAM = PU7KSX8Z6J;
				INFOPLIST_FILE = Locus/Info.plist;
				LD_RUNPATH_SEARCH_PATHS = "$(inherited) @executable_path/Frameworks";
				PRODUCT_BUNDLE_IDENTIFIER = com.Nabil.Locus;
				PRODUCT_NAME = "$(TARGET_NAME)";
				SWIFT_VERSION = 3.0;
			};
			name = Debug;
		};
		BD1A7B031E06081F001E290B /* Release */ = {
			isa = XCBuildConfiguration;
			baseConfigurationReference = 99A1AD6623EE156786DAFADA /* Pods-Locus.release.xcconfig */;
			buildSettings = {
				ASSETCATALOG_COMPILER_APPICON_NAME = AppIcon;
				DEVELOPMENT_TEAM = PU7KSX8Z6J;
				INFOPLIST_FILE = Locus/Info.plist;
				LD_RUNPATH_SEARCH_PATHS = "$(inherited) @executable_path/Frameworks";
				PRODUCT_BUNDLE_IDENTIFIER = com.Nabil.Locus;
				PRODUCT_NAME = "$(TARGET_NAME)";
				SWIFT_VERSION = 3.0;
			};
			name = Release;
		};
/* End XCBuildConfiguration section */

/* Begin XCConfigurationList section */
		BD1A7AE81E06081F001E290B /* Build configuration list for PBXProject "Locus" */ = {
			isa = XCConfigurationList;
			buildConfigurations = (
				BD1A7AFF1E06081F001E290B /* Debug */,
				BD1A7B001E06081F001E290B /* Release */,
			);
			defaultConfigurationIsVisible = 0;
			defaultConfigurationName = Release;
		};
		BD1A7B011E06081F001E290B /* Build configuration list for PBXNativeTarget "Locus" */ = {
			isa = XCConfigurationList;
			buildConfigurations = (
				BD1A7B021E06081F001E290B /* Debug */,
				BD1A7B031E06081F001E290B /* Release */,
			);
			defaultConfigurationIsVisible = 0;
			defaultConfigurationName = Release;
		};
/* End XCConfigurationList section */
	};
	rootObject = BD1A7AE51E06081F001E290B /* Project object */;
}
